// !$*UTF8*$!
{
	archiveVersion = 1;
	classes = {
	};
	objectVersion = 77;
	objects = {

/* Begin PBXBuildFile section */
		3D6581B42FE1E0FA00E27976 /* StoreKit.framework in Frameworks */ = {isa = PBXBuildFile; fileRef = 3D6581B32FE1E0FA00E27976 /* StoreKit.framework */; };
		A00000000000000000000001 /* Supabase in Frameworks */ = {isa = PBXBuildFile; productRef = A00000000000000000000002 /* Supabase */; };
		A00000000000000000000019 /* RevenueCat in Frameworks */ = {isa = PBXBuildFile; productRef = A00000000000000000000018 /* RevenueCat */; };
		C00000000000000000000001 /* GroopayWidget.appex in Embed Foundation Extensions */ = {isa = PBXBuildFile; fileRef = C00000000000000000000003 /* GroopayWidget.appex */; settings = {ATTRIBUTES = (CodeSignOnCopy, RemoveHeadersOnCopy, ); }; };
/* End PBXBuildFile section */

/* Begin PBXContainerItemProxy section */
		B00000000000000000000002 /* PBXContainerItemProxy */ = {
			isa = PBXContainerItemProxy;
			containerPortal = A00000000000000000000010 /* Project object */;
			proxyType = 1;
			remoteGlobalIDString = A00000000000000000000007;
			remoteInfo = Groopay;
		};
		C00000000000000000000002 /* PBXContainerItemProxy */ = {
			isa = PBXContainerItemProxy;
			containerPortal = A00000000000000000000010 /* Project object */;
			proxyType = 1;
			remoteGlobalIDString = C00000000000000000000008;
			remoteInfo = GroopayWidget;
		};
/* End PBXContainerItemProxy section */

/* Begin PBXCopyFilesBuildPhase section */
		C00000000000000000000007 /* Embed Foundation Extensions */ = {
			isa = PBXCopyFilesBuildPhase;
			buildActionMask = 2147483647;
			dstPath = "";
			dstSubfolderSpec = 13;
			files = (
				C00000000000000000000001 /* GroopayWidget.appex in Embed Foundation Extensions */,
			);
			name = "Embed Foundation Extensions";
			runOnlyForDeploymentPostprocessing = 0;
		};
/* End PBXCopyFilesBuildPhase section */

/* Begin PBXFileReference section */
		3D6581B32FE1E0FA00E27976 /* StoreKit.framework */ = {isa = PBXFileReference; lastKnownFileType = wrapper.framework; name = StoreKit.framework; path = System/Library/Frameworks/StoreKit.framework; sourceTree = SDKROOT; };
		A00000000000000000000003 /* Groopay.app */ = {isa = PBXFileReference; explicitFileType = wrapper.application; includeInIndex = 0; path = Groopay.app; sourceTree = BUILT_PRODUCTS_DIR; };
		A00000000000000000000004 /* Base.xcconfig */ = {isa = PBXFileReference; lastKnownFileType = text.xcconfig; path = Base.xcconfig; sourceTree = "<group>"; };
		A00000000000000000000005 /* Secrets.xcconfig.example */ = {isa = PBXFileReference; lastKnownFileType = text.xcconfig; path = Secrets.xcconfig.example; sourceTree = "<group>"; };
		B00000000000000000000001 /* GroopayTests.xctest */ = {isa = PBXFileReference; explicitFileType = wrapper.cfbundle; includeInIndex = 0; path = GroopayTests.xctest; sourceTree = BUILT_PRODUCTS_DIR; };
		C00000000000000000000003 /* GroopayWidget.appex */ = {isa = PBXFileReference; explicitFileType = "wrapper.app-extension"; includeInIndex = 0; path = GroopayWidget.appex; sourceTree = BUILT_PRODUCTS_DIR; };
/* End PBXFileReference section */

/* Begin PBXFileSystemSynchronizedBuildFileExceptionSet section */
		A00000000000000000000006 /* Exceptions for "Groopay" folder in "Groopay" target */ = {
			isa = PBXFileSystemSynchronizedBuildFileExceptionSet;
			membershipExceptions = (
				Resources/Info.plist,
			);
			target = A00000000000000000000007 /* Groopay */;
		};
		C00000000000000000000004 /* Exceptions for "GroopayWidget" folder in "GroopayWidget" target */ = {
			isa = PBXFileSystemSynchronizedBuildFileExceptionSet;
			membershipExceptions = (
				Info.plist,
			);
			target = C00000000000000000000008 /* GroopayWidget */;
		};
/* End PBXFileSystemSynchronizedBuildFileExceptionSet section */

/* Begin PBXFileSystemSynchronizedRootGroup section */
		A00000000000000000000008 /* Groopay */ = {
			isa = PBXFileSystemSynchronizedRootGroup;
			exceptions = (
				A00000000000000000000006 /* Exceptions for "Groopay" folder in "Groopay" target */,
			);
			path = Groopay;
			sourceTree = "<group>";
		};
		B00000000000000000000003 /* GroopayTests */ = {
			isa = PBXFileSystemSynchronizedRootGroup;
			path = GroopayTests;
			sourceTree = "<group>";
		};
		C00000000000000000000005 /* GroopayWidget */ = {
			isa = PBXFileSystemSynchronizedRootGroup;
			exceptions = (
				C00000000000000000000004 /* Exceptions for "GroopayWidget" folder in "GroopayWidget" target */,
			);
			path = GroopayWidget;
			sourceTree = "<group>";
		};
/* End PBXFileSystemSynchronizedRootGroup section */

/* Begin PBXFrameworksBuildPhase section */
		A00000000000000000000009 /* Frameworks */ = {
			isa = PBXFrameworksBuildPhase;
			buildActionMask = 2147483647;
			files = (
				3D6581B42FE1E0FA00E27976 /* StoreKit.framework in Frameworks */,
				A00000000000000000000001 /* Supabase in Frameworks */,
				A00000000000000000000019 /* RevenueCat in Frameworks */,
			);
			runOnlyForDeploymentPostprocessing = 0;
		};
		B00000000000000000000004 /* Frameworks */ = {
			isa = PBXFrameworksBuildPhase;
			buildActionMask = 2147483647;
			files = (
			);
			runOnlyForDeploymentPostprocessing = 0;
		};
		C00000000000000000000006 /* Frameworks */ = {
			isa = PBXFrameworksBuildPhase;
			buildActionMask = 2147483647;
			files = (
			);
			runOnlyForDeploymentPostprocessing = 0;
		};
/* End PBXFrameworksBuildPhase section */

/* Begin PBXGroup section */
		A0000000000000000000000A = {
			isa = PBXGroup;
			children = (
				A00000000000000000000008 /* Groopay */,
				C00000000000000000000005 /* GroopayWidget */,
				B00000000000000000000003 /* GroopayTests */,
				A0000000000000000000000B /* Config */,
				AA1FF2D62FE0240600F57259 /* Frameworks */,
				A0000000000000000000000C /* Products */,
			);
			sourceTree = "<group>";
		};
		A0000000000000000000000B /* Config */ = {
			isa = PBXGroup;
			children = (
				A00000000000000000000004 /* Base.xcconfig */,
				A00000000000000000000005 /* Secrets.xcconfig.example */,
			);
			path = Config;
			sourceTree = "<group>";
		};
		A0000000000000000000000C /* Products */ = {
			isa = PBXGroup;
			children = (
				A00000000000000000000003 /* Groopay.app */,
				C00000000000000000000003 /* GroopayWidget.appex */,
				B00000000000000000000001 /* GroopayTests.xctest */,
			);
			name = Products;
			sourceTree = "<group>";
		};
		AA1FF2D62FE0240600F57259 /* Frameworks */ = {
			isa = PBXGroup;
			children = (
				3D6581B32FE1E0FA00E27976 /* StoreKit.framework */,
			);
			name = Frameworks;
			sourceTree = "<group>";
		};
/* End PBXGroup section */

/* Begin PBXNativeTarget section */
		A00000000000000000000007 /* Groopay */ = {
			isa = PBXNativeTarget;
			buildConfigurationList = A0000000000000000000000D /* Build configuration list for PBXNativeTarget "Groopay" */;
			buildPhases = (
				A0000000000000000000000E /* Sources */,
				A00000000000000000000009 /* Frameworks */,
				A0000000000000000000000F /* Resources */,
				C00000000000000000000007 /* Embed Foundation Extensions */,
			);
			buildRules = (
			);
			dependencies = (
				C0000000000000000000000B /* PBXTargetDependency */,
			);
			fileSystemSynchronizedGroups = (
				A00000000000000000000008 /* Groopay */,
			);
			name = Groopay;
			packageProductDependencies = (
				A00000000000000000000002 /* Supabase */,
				A00000000000000000000018 /* RevenueCat */,
			);
			productName = Groopay;
			productReference = A00000000000000000000003 /* Groopay.app */;
			productType = "com.apple.product-type.application";
		};
		B00000000000000000000005 /* GroopayTests */ = {
			isa = PBXNativeTarget;
			buildConfigurationList = B00000000000000000000006 /* Build configuration list for PBXNativeTarget "GroopayTests" */;
			buildPhases = (
				B00000000000000000000007 /* Sources */,
				B00000000000000000000004 /* Frameworks */,
				B00000000000000000000008 /* Resources */,
			);
			buildRules = (
			);
			dependencies = (
				B00000000000000000000009 /* PBXTargetDependency */,
			);
			fileSystemSynchronizedGroups = (
				B00000000000000000000003 /* GroopayTests */,
			);
			name = GroopayTests;
			packageProductDependencies = (
			);
			productName = GroopayTests;
			productReference = B00000000000000000000001 /* GroopayTests.xctest */;
			productType = "com.apple.product-type.bundle.unit-test";
		};
		C00000000000000000000008 /* GroopayWidget */ = {
			isa = PBXNativeTarget;
			buildConfigurationList = C0000000000000000000000E /* Build configuration list for PBXNativeTarget "GroopayWidget" */;
			buildPhases = (
				C0000000000000000000000A /* Sources */,
				C00000000000000000000006 /* Frameworks */,
				C00000000000000000000009 /* Resources */,
			);
			buildRules = (
			);
			dependencies = (
			);
			fileSystemSynchronizedGroups = (
				C00000000000000000000005 /* GroopayWidget */,
			);
			name = GroopayWidget;
			packageProductDependencies = (
			);
			productName = GroopayWidget;
			productReference = C00000000000000000000003 /* GroopayWidget.appex */;
			productType = "com.apple.product-type.app-extension";
		};
/* End PBXNativeTarget section */

/* Begin PBXProject section */
		A00000000000000000000010 /* Project object */ = {
			isa = PBXProject;
			attributes = {
				BuildIndependentTargetsInParallel = 1;
				LastSwiftUpdateCheck = 2650;
				LastUpgradeCheck = 2650;
				TargetAttributes = {
					A00000000000000000000007 = {
						CreatedOnToolsVersion = 26.5;
					};
					B00000000000000000000005 = {
						CreatedOnToolsVersion = 26.5;
						TestTargetID = A00000000000000000000007;
					};
					C00000000000000000000008 = {
						CreatedOnToolsVersion = 26.5;
					};
				};
			};
			buildConfigurationList = A00000000000000000000011 /* Build configuration list for PBXProject "Groopay" */;
			developmentRegion = tr;
			hasScannedForEncodings = 0;
			knownRegions = (
				tr,
				en,
				Base,
			);
			mainGroup = A0000000000000000000000A;
			minimizedProjectReferenceProxies = 1;
			packageReferences = (
				A00000000000000000000012 /* XCRemoteSwiftPackageReference "supabase-swift" */,
				A00000000000000000000017 /* XCRemoteSwiftPackageReference "purchases-ios" */,
			);
			preferredProjectObjectVersion = 77;
			productRefGroup = A0000000000000000000000C /* Products */;
			projectDirPath = "";
			projectRoot = "";
			targets = (
				A00000000000000000000007 /* Groopay */,
				C00000000000000000000008 /* GroopayWidget */,
				B00000000000000000000005 /* GroopayTests */,
			);
		};
/* End PBXProject section */

/* Begin PBXResourcesBuildPhase section */
		A0000000000000000000000F /* Resources */ = {
			isa = PBXResourcesBuildPhase;
			buildActionMask = 2147483647;
			files = (
			);
			runOnlyForDeploymentPostprocessing = 0;
		};
		B00000000000000000000008 /* Resources */ = {
			isa = PBXResourcesBuildPhase;
			buildActionMask = 2147483647;
			files = (
			);
			runOnlyForDeploymentPostprocessing = 0;
		};
		C00000000000000000000009 /* Resources */ = {
			isa = PBXResourcesBuildPhase;
			buildActionMask = 2147483647;
			files = (
			);
			runOnlyForDeploymentPostprocessing = 0;
		};
/* End PBXResourcesBuildPhase section */

/* Begin PBXSourcesBuildPhase section */
		A0000000000000000000000E /* Sources */ = {
			isa = PBXSourcesBuildPhase;
			buildActionMask = 2147483647;
			files = (
			);
			runOnlyForDeploymentPostprocessing = 0;
		};
		B00000000000000000000007 /* Sources */ = {
			isa = PBXSourcesBuildPhase;
			buildActionMask = 2147483647;
			files = (
			);
			runOnlyForDeploymentPostprocessing = 0;
		};
		C0000000000000000000000A /* Sources */ = {
			isa = PBXSourcesBuildPhase;
			buildActionMask = 2147483647;
			files = (
			);
			runOnlyForDeploymentPostprocessing = 0;
		};
/* End PBXSourcesBuildPhase section */

/* Begin PBXTargetDependency section */
		B00000000000000000000009 /* PBXTargetDependency */ = {
			isa = PBXTargetDependency;
			target = A00000000000000000000007 /* Groopay */;
			targetProxy = B00000000000000000000002 /* PBXContainerItemProxy */;
		};
		C0000000000000000000000B /* PBXTargetDependency */ = {
			isa = PBXTargetDependency;
			target = C00000000000000000000008 /* GroopayWidget */;
			targetProxy = C00000000000000000000002 /* PBXContainerItemProxy */;
		};
/* End PBXTargetDependency section */

/* Begin XCBuildConfiguration section */
		A00000000000000000000013 /* Debug */ = {
			isa = XCBuildConfiguration;
			buildSettings = {
				ALWAYS_SEARCH_USER_PATHS = NO;
				ASSETCATALOG_COMPILER_GENERATE_SWIFT_ASSET_SYMBOL_EXTENSIONS = YES;
				CLANG_ANALYZER_LOCALIZABILITY_NONLOCALIZED = YES;
				CLANG_ANALYZER_NONNULL = YES;
				CLANG_ANALYZER_NUMBER_OBJECT_CONVERSION = YES_AGGRESSIVE;
				CLANG_CXX_LANGUAGE_STANDARD = "gnu++20";
				CLANG_ENABLE_MODULES = YES;
				CLANG_ENABLE_OBJC_ARC = YES;
				CLANG_ENABLE_OBJC_WEAK = YES;
				CLANG_WARN_BLOCK_CAPTURE_AUTORELEASING = YES;
				CLANG_WARN_BOOL_CONVERSION = YES;
				CLANG_WARN_COMMA = YES;
				CLANG_WARN_CONSTANT_CONVERSION = YES;
				CLANG_WARN_DEPRECATED_OBJC_IMPLEMENTATIONS = YES;
				CLANG_WARN_DIRECT_OBJC_ISA_USAGE = YES_ERROR;
				CLANG_WARN_DOCUMENTATION_COMMENTS = YES;
				CLANG_WARN_EMPTY_BODY = YES;
				CLANG_WARN_ENUM_CONVERSION = YES;
				CLANG_WARN_INFINITE_RECURSION = YES;
				CLANG_WARN_INT_CONVERSION = YES;
				CLANG_WARN_NON_LITERAL_NULL_CONVERSION = YES;
				CLANG_WARN_OBJC_IMPLICIT_RETAIN_SELF = YES;
				CLANG_WARN_OBJC_LITERAL_CONVERSION = YES;
				CLANG_WARN_OBJC_ROOT_CLASS = YES_ERROR;
				CLANG_WARN_QUOTED_INCLUDE_IN_FRAMEWORK_HEADER = YES;
				CLANG_WARN_RANGE_LOOP_ANALYSIS = YES;
				CLANG_WARN_STRICT_PROTOTYPES = YES;
				CLANG_WARN_SUSPICIOUS_MOVE = YES;
				CLANG_WARN_UNGUARDED_AVAILABILITY = YES_AGGRESSIVE;
				CLANG_WARN_UNREACHABLE_CODE = YES;
				CLANG_WARN__DUPLICATE_METHOD_MATCH = YES;
				COPY_PHASE_STRIP = NO;
				DEBUG_INFORMATION_FORMAT = dwarf;
				DEVELOPMENT_TEAM = 8XPP7Z37GF;
				ENABLE_STRICT_OBJC_MSGSEND = YES;
				ENABLE_TESTABILITY = YES;
				ENABLE_USER_SCRIPT_SANDBOXING = YES;
				GCC_C_LANGUAGE_STANDARD = gnu17;
				GCC_DYNAMIC_NO_PIC = NO;
				GCC_NO_COMMON_BLOCKS = YES;
				GCC_OPTIMIZATION_LEVEL = 0;
				GCC_PREPROCESSOR_DEFINITIONS = (
					"DEBUG=1",
					"$(inherited)",
				);
				GCC_WARN_64_TO_32_BIT_CONVERSION = YES;
				GCC_WARN_ABOUT_RETURN_TYPE = YES_ERROR;
				GCC_WARN_UNDECLARED_SELECTOR = YES;
				GCC_WARN_UNINITIALIZED_AUTOS = YES_AGGRESSIVE;
				GCC_WARN_UNUSED_FUNCTION = YES;
				GCC_WARN_UNUSED_VARIABLE = YES;
				IPHONEOS_DEPLOYMENT_TARGET = 17.0;
				LOCALIZATION_PREFERS_STRING_CATALOGS = YES;
				MTL_ENABLE_DEBUG_INFO = INCLUDE_SOURCE;
				MTL_FAST_MATH = YES;
				ONLY_ACTIVE_ARCH = YES;
				SDKROOT = iphoneos;
				STRING_CATALOG_GENERATE_SYMBOLS = YES;
				SWIFT_ACTIVE_COMPILATION_CONDITIONS = "DEBUG $(inherited)";
				SWIFT_OPTIMIZATION_LEVEL = "-Onone";
			};
			name = Debug;
		};
		A00000000000000000000014 /* Release */ = {
			isa = XCBuildConfiguration;
			buildSettings = {
				ALWAYS_SEARCH_USER_PATHS = NO;
				ASSETCATALOG_COMPILER_GENERATE_SWIFT_ASSET_SYMBOL_EXTENSIONS = YES;
				CLANG_ANALYZER_LOCALIZABILITY_NONLOCALIZED = YES;
				CLANG_ANALYZER_NONNULL = YES;
				CLANG_ANALYZER_NUMBER_OBJECT_CONVERSION = YES_AGGRESSIVE;
				CLANG_CXX_LANGUAGE_STANDARD = "gnu++20";
				CLANG_ENABLE_MODULES = YES;
				CLANG_ENABLE_OBJC_ARC = YES;
				CLANG_ENABLE_OBJC_WEAK = YES;
				CLANG_WARN_BLOCK_CAPTURE_AUTORELEASING = YES;
				CLANG_WARN_BOOL_CONVERSION = YES;
				CLANG_WARN_COMMA = YES;
				CLANG_WARN_CONSTANT_CONVERSION = YES;
				CLANG_WARN_DEPRECATED_OBJC_IMPLEMENTATIONS = YES;
				CLANG_WARN_DIRECT_OBJC_ISA_USAGE = YES_ERROR;
				CLANG_WARN_DOCUMENTATION_COMMENTS = YES;
				CLANG_WARN_EMPTY_BODY = YES;
				CLANG_WARN_ENUM_CONVERSION = YES;
				CLANG_WARN_INFINITE_RECURSION = YES;
				CLANG_WARN_INT_CONVERSION = YES;
				CLANG_WARN_NON_LITERAL_NULL_CONVERSION = YES;
				CLANG_WARN_OBJC_IMPLICIT_RETAIN_SELF = YES;
				CLANG_WARN_OBJC_LITERAL_CONVERSION = YES;
				CLANG_WARN_OBJC_ROOT_CLASS = YES_ERROR;
				CLANG_WARN_QUOTED_INCLUDE_IN_FRAMEWORK_HEADER = YES;
				CLANG_WARN_RANGE_LOOP_ANALYSIS = YES;
				CLANG_WARN_STRICT_PROTOTYPES = YES;
				CLANG_WARN_SUSPICIOUS_MOVE = YES;
				CLANG_WARN_UNGUARDED_AVAILABILITY = YES_AGGRESSIVE;
				CLANG_WARN_UNREACHABLE_CODE = YES;
				CLANG_WARN__DUPLICATE_METHOD_MATCH = YES;
				COPY_PHASE_STRIP = NO;
				DEBUG_INFORMATION_FORMAT = "dwarf-with-dsym";
				DEVELOPMENT_TEAM = 8XPP7Z37GF;
				ENABLE_NS_ASSERTIONS = NO;
				ENABLE_STRICT_OBJC_MSGSEND = YES;
				ENABLE_USER_SCRIPT_SANDBOXING = YES;
				GCC_C_LANGUAGE_STANDARD = gnu17;
				GCC_NO_COMMON_BLOCKS = YES;
				GCC_WARN_64_TO_32_BIT_CONVERSION = YES;
				GCC_WARN_ABOUT_RETURN_TYPE = YES_ERROR;
				GCC_WARN_UNDECLARED_SELECTOR = YES;
				GCC_WARN_UNINITIALIZED_AUTOS = YES_AGGRESSIVE;
				GCC_WARN_UNUSED_FUNCTION = YES;
				GCC_WARN_UNUSED_VARIABLE = YES;
				IPHONEOS_DEPLOYMENT_TARGET = 17.0;
				LOCALIZATION_PREFERS_STRING_CATALOGS = YES;
				MTL_ENABLE_DEBUG_INFO = NO;
				MTL_FAST_MATH = YES;
				SDKROOT = iphoneos;
				STRING_CATALOG_GENERATE_SYMBOLS = YES;
				SWIFT_COMPILATION_MODE = wholemodule;
				VALIDATE_PRODUCT = YES;
			};
			name = Release;
		};
		A00000000000000000000015 /* Debug */ = {
			isa = XCBuildConfiguration;
			baseConfigurationReference = A00000000000000000000004 /* Base.xcconfig */;
			buildSettings = {
				APS_ENVIRONMENT = development;
				ASSETCATALOG_COMPILER_APPICON_NAME = AppIcon;
				ASSETCATALOG_COMPILER_GLOBAL_ACCENT_COLOR_NAME = AccentColor;
				CODE_SIGN_ENTITLEMENTS = Groopay/Groopay.entitlements;
				CODE_SIGN_STYLE = Automatic;
				CURRENT_PROJECT_VERSION = 39;
				DEVELOPMENT_LANGUAGE = tr;
				ENABLE_PREVIEWS = YES;
				GENERATE_INFOPLIST_FILE = NO;
				INFOPLIST_FILE = Groopay/Resources/Info.plist;
				IPHONEOS_DEPLOYMENT_TARGET = 17.0;
				LD_RUNPATH_SEARCH_PATHS = (
					"$(inherited)",
					"@executable_path/Frameworks",
				);
				MARKETING_VERSION = 1.4.0;
				PRODUCT_BUNDLE_IDENTIFIER = com.groopay.app;
				PRODUCT_NAME = "$(TARGET_NAME)";
				SUPPORTED_PLATFORMS = "iphoneos iphonesimulator";
				SUPPORTS_MACCATALYST = NO;
				SUPPORTS_XR_DESIGNED_FOR_IPHONE_IPAD = NO;
				SWIFT_EMIT_LOC_STRINGS = YES;
				SWIFT_STRICT_CONCURRENCY = complete;
				SWIFT_VERSION = 5.0;
				TARGETED_DEVICE_FAMILY = 1;
			};
			name = Debug;
		};
		A00000000000000000000016 /* Release */ = {
			isa = XCBuildConfiguration;
			baseConfigurationReference = A00000000000000000000004 /* Base.xcconfig */;
			buildSettings = {
				APS_ENVIRONMENT = production;
				ASSETCATALOG_COMPILER_APPICON_NAME = AppIcon;
				ASSETCATALOG_COMPILER_GLOBAL_ACCENT_COLOR_NAME = AccentColor;
				CODE_SIGN_ENTITLEMENTS = Groopay/Groopay.entitlements;
				CODE_SIGN_STYLE = Automatic;
				CURRENT_PROJECT_VERSION = 39;
				DEVELOPMENT_LANGUAGE = tr;
				ENABLE_PREVIEWS = YES;
				GENERATE_INFOPLIST_FILE = NO;
				INFOPLIST_FILE = Groopay/Resources/Info.plist;
				IPHONEOS_DEPLOYMENT_TARGET = 17.0;
				LD_RUNPATH_SEARCH_PATHS = (
					"$(inherited)",
					"@executable_path/Frameworks",
				);
				MARKETING_VERSION = 1.4.0;
				PRODUCT_BUNDLE_IDENTIFIER = com.groopay.app;
				PRODUCT_NAME = "$(TARGET_NAME)";
				SUPPORTED_PLATFORMS = "iphoneos iphonesimulator";
				SUPPORTS_MACCATALYST = NO;
				SUPPORTS_XR_DESIGNED_FOR_IPHONE_IPAD = NO;
				SWIFT_EMIT_LOC_STRINGS = YES;
				SWIFT_STRICT_CONCURRENCY = complete;
				SWIFT_VERSION = 5.0;
				TARGETED_DEVICE_FAMILY = 1;
			};
			name = Release;
		};
		B0000000000000000000000A /* Debug */ = {
			isa = XCBuildConfiguration;
			buildSettings = {
				BUNDLE_LOADER = "$(TEST_HOST)";
				CODE_SIGN_STYLE = Automatic;
				CURRENT_PROJECT_VERSION = 30;
				GENERATE_INFOPLIST_FILE = YES;
				IPHONEOS_DEPLOYMENT_TARGET = 17.0;
				MARKETING_VERSION = 1.0;
				PRODUCT_BUNDLE_IDENTIFIER = com.groopay.app.tests;
				PRODUCT_NAME = "$(TARGET_NAME)";
				SUPPORTED_PLATFORMS = "iphoneos iphonesimulator";
				SWIFT_STRICT_CONCURRENCY = complete;
				SWIFT_VERSION = 5.0;
				TARGETED_DEVICE_FAMILY = 1;
				TEST_HOST = "$(BUILT_PRODUCTS_DIR)/Groopay.app/$(BUNDLE_EXECUTABLE_FOLDER_PATH)/Groopay";
			};
			name = Debug;
		};
		B0000000000000000000000B /* Release */ = {
			isa = XCBuildConfiguration;
			buildSettings = {
				BUNDLE_LOADER = "$(TEST_HOST)";
				CODE_SIGN_STYLE = Automatic;
				CURRENT_PROJECT_VERSION = 30;
				GENERATE_INFOPLIST_FILE = YES;
				IPHONEOS_DEPLOYMENT_TARGET = 17.0;
				MARKETING_VERSION = 1.0;
				PRODUCT_BUNDLE_IDENTIFIER = com.groopay.app.tests;
				PRODUCT_NAME = "$(TARGET_NAME)";
				SUPPORTED_PLATFORMS = "iphoneos iphonesimulator";
				SWIFT_STRICT_CONCURRENCY = complete;
				SWIFT_VERSION = 5.0;
				TARGETED_DEVICE_FAMILY = 1;
				TEST_HOST = "$(BUILT_PRODUCTS_DIR)/Groopay.app/$(BUNDLE_EXECUTABLE_FOLDER_PATH)/Groopay";
			};
			name = Release;
		};
		C0000000000000000000000C /* Debug */ = {
			isa = XCBuildConfiguration;
			buildSettings = {
				APPLICATION_EXTENSION_API_ONLY = YES;
				CODE_SIGN_ENTITLEMENTS = GroopayWidget/GroopayWidget.entitlements;
				CODE_SIGN_STYLE = Automatic;
				CURRENT_PROJECT_VERSION = 39;
				DEVELOPMENT_LANGUAGE = tr;
				DEVELOPMENT_TEAM = 8XPP7Z37GF;
				GENERATE_INFOPLIST_FILE = NO;
				INFOPLIST_FILE = GroopayWidget/Info.plist;
				IPHONEOS_DEPLOYMENT_TARGET = 17.0;
				LD_RUNPATH_SEARCH_PATHS = (
					"$(inherited)",
					"@executable_path/Frameworks",
					"@executable_path/../../Frameworks",
				);
				MARKETING_VERSION = 1.4.0;
				PRODUCT_BUNDLE_IDENTIFIER = com.groopay.app.widget;
				PRODUCT_NAME = "$(TARGET_NAME)";
				SKIP_INSTALL = YES;
				SUPPORTED_PLATFORMS = "iphoneos iphonesimulator";
				SWIFT_EMIT_LOC_STRINGS = YES;
				SWIFT_STRICT_CONCURRENCY = complete;
				SWIFT_VERSION = 5.0;
				TARGETED_DEVICE_FAMILY = 1;
			};
			name = Debug;
		};
		C0000000000000000000000D /* Release */ = {
			isa = XCBuildConfiguration;
			buildSettings = {
				APPLICATION_EXTENSION_API_ONLY = YES;
				CODE_SIGN_ENTITLEMENTS = GroopayWidget/GroopayWidget.entitlements;
				CODE_SIGN_STYLE = Automatic;
				CURRENT_PROJECT_VERSION = 39;
				DEVELOPMENT_LANGUAGE = tr;
				DEVELOPMENT_TEAM = 8XPP7Z37GF;
				GENERATE_INFOPLIST_FILE = NO;
				INFOPLIST_FILE = GroopayWidget/Info.plist;
				IPHONEOS_DEPLOYMENT_TARGET = 17.0;
				LD_RUNPATH_SEARCH_PATHS = (
					"$(inherited)",
					"@executable_path/Frameworks",
					"@executable_path/../../Frameworks",
				);
				MARKETING_VERSION = 1.4.0;
				PRODUCT_BUNDLE_IDENTIFIER = com.groopay.app.widget;
				PRODUCT_NAME = "$(TARGET_NAME)";
				SKIP_INSTALL = YES;
				SUPPORTED_PLATFORMS = "iphoneos iphonesimulator";
				SWIFT_EMIT_LOC_STRINGS = YES;
				SWIFT_STRICT_CONCURRENCY = complete;
				SWIFT_VERSION = 5.0;
				TARGETED_DEVICE_FAMILY = 1;
			};
			name = Release;
		};
		D00000000000000000000001 /* TestFlight Dev */ = {
			isa = XCBuildConfiguration;
			buildSettings = {
				ALWAYS_SEARCH_USER_PATHS = NO;
				ASSETCATALOG_COMPILER_GENERATE_SWIFT_ASSET_SYMBOL_EXTENSIONS = YES;
				CLANG_ANALYZER_LOCALIZABILITY_NONLOCALIZED = YES;
				CLANG_ANALYZER_NONNULL = YES;
				CLANG_ANALYZER_NUMBER_OBJECT_CONVERSION = YES_AGGRESSIVE;
				CLANG_CXX_LANGUAGE_STANDARD = "gnu++20";
				CLANG_ENABLE_MODULES = YES;
				CLANG_ENABLE_OBJC_ARC = YES;
				CLANG_ENABLE_OBJC_WEAK = YES;
				CLANG_WARN_BLOCK_CAPTURE_AUTORELEASING = YES;
				CLANG_WARN_BOOL_CONVERSION = YES;
				CLANG_WARN_COMMA = YES;
				CLANG_WARN_CONSTANT_CONVERSION = YES;
				CLANG_WARN_DEPRECATED_OBJC_IMPLEMENTATIONS = YES;
				CLANG_WARN_DIRECT_OBJC_ISA_USAGE = YES_ERROR;
				CLANG_WARN_DOCUMENTATION_COMMENTS = YES;
				CLANG_WARN_EMPTY_BODY = YES;
				CLANG_WARN_ENUM_CONVERSION = YES;
				CLANG_WARN_INFINITE_RECURSION = YES;
				CLANG_WARN_INT_CONVERSION = YES;
				CLANG_WARN_NON_LITERAL_NULL_CONVERSION = YES;
				CLANG_WARN_OBJC_IMPLICIT_RETAIN_SELF = YES;
				CLANG_WARN_OBJC_LITERAL_CONVERSION = YES;
				CLANG_WARN_OBJC_ROOT_CLASS = YES_ERROR;
				CLANG_WARN_QUOTED_INCLUDE_IN_FRAMEWORK_HEADER = YES;
				CLANG_WARN_RANGE_LOOP_ANALYSIS = YES;
				CLANG_WARN_STRICT_PROTOTYPES = YES;
				CLANG_WARN_SUSPICIOUS_MOVE = YES;
				CLANG_WARN_UNGUARDED_AVAILABILITY = YES_AGGRESSIVE;
				CLANG_WARN_UNREACHABLE_CODE = YES;
				CLANG_WARN__DUPLICATE_METHOD_MATCH = YES;
				COPY_PHASE_STRIP = NO;
				DEBUG_INFORMATION_FORMAT = "dwarf-with-dsym";
				DEVELOPMENT_TEAM = 8XPP7Z37GF;
				ENABLE_NS_ASSERTIONS = NO;
				ENABLE_STRICT_OBJC_MSGSEND = YES;
				ENABLE_USER_SCRIPT_SANDBOXING = YES;
				GCC_C_LANGUAGE_STANDARD = gnu17;
				GCC_NO_COMMON_BLOCKS = YES;
				GCC_WARN_64_TO_32_BIT_CONVERSION = YES;
				GCC_WARN_ABOUT_RETURN_TYPE = YES_ERROR;
				GCC_WARN_UNDECLARED_SELECTOR = YES;
				GCC_WARN_UNINITIALIZED_AUTOS = YES_AGGRESSIVE;
				GCC_WARN_UNUSED_FUNCTION = YES;
				GCC_WARN_UNUSED_VARIABLE = YES;
				IPHONEOS_DEPLOYMENT_TARGET = 17.0;
				LOCALIZATION_PREFERS_STRING_CATALOGS = YES;
				MTL_ENABLE_DEBUG_INFO = NO;
				MTL_FAST_MATH = YES;
				SDKROOT = iphoneos;
				STRING_CATALOG_GENERATE_SYMBOLS = YES;
				SWIFT_ACTIVE_COMPILATION_CONDITIONS = "TESTFLIGHT_DEV $(inherited)";
				SWIFT_COMPILATION_MODE = wholemodule;
				VALIDATE_PRODUCT = YES;
			};
			name = "TestFlight Dev";
		};
		D00000000000000000000002 /* TestFlight Dev */ = {
			isa = XCBuildConfiguration;
			baseConfigurationReference = A00000000000000000000004 /* Base.xcconfig */;
			buildSettings = {
				APS_ENVIRONMENT = production;
				ASSETCATALOG_COMPILER_APPICON_NAME = AppIcon;
				ASSETCATALOG_COMPILER_GLOBAL_ACCENT_COLOR_NAME = AccentColor;
				CODE_SIGN_ENTITLEMENTS = Groopay/Groopay.entitlements;
				CODE_SIGN_STYLE = Automatic;
				CURRENT_PROJECT_VERSION = 39;
				DEVELOPMENT_LANGUAGE = tr;
				ENABLE_PREVIEWS = YES;
				GENERATE_INFOPLIST_FILE = NO;
				INFOPLIST_FILE = Groopay/Resources/Info.plist;
				IPHONEOS_DEPLOYMENT_TARGET = 17.0;
				LD_RUNPATH_SEARCH_PATHS = (
					"$(inherited)",
					"@executable_path/Frameworks",
				);
				MARKETING_VERSION = 1.4.0;
				PRODUCT_BUNDLE_IDENTIFIER = com.groopay.app;
				PRODUCT_NAME = "$(TARGET_NAME)";
				SUPPORTED_PLATFORMS = "iphoneos iphonesimulator";
				SUPPORTS_MACCATALYST = NO;
				SUPPORTS_XR_DESIGNED_FOR_IPHONE_IPAD = NO;
				SWIFT_EMIT_LOC_STRINGS = YES;
				SWIFT_STRICT_CONCURRENCY = complete;
				SWIFT_VERSION = 5.0;
				TARGETED_DEVICE_FAMILY = 1;
			};
			name = "TestFlight Dev";
		};
		D00000000000000000000003 /* TestFlight Dev */ = {
			isa = XCBuildConfiguration;
			buildSettings = {
				BUNDLE_LOADER = "$(TEST_HOST)";
				CODE_SIGN_STYLE = Automatic;
				CURRENT_PROJECT_VERSION = 30;
				GENERATE_INFOPLIST_FILE = YES;
				IPHONEOS_DEPLOYMENT_TARGET = 17.0;
				MARKETING_VERSION = 1.0;
				PRODUCT_BUNDLE_IDENTIFIER = com.groopay.app.tests;
				PRODUCT_NAME = "$(TARGET_NAME)";
				SUPPORTED_PLATFORMS = "iphoneos iphonesimulator";
				SWIFT_STRICT_CONCURRENCY = complete;
				SWIFT_VERSION = 5.0;
				TARGETED_DEVICE_FAMILY = 1;
				TEST_HOST = "$(BUILT_PRODUCTS_DIR)/Groopay.app/$(BUNDLE_EXECUTABLE_FOLDER_PATH)/Groopay";
			};
			name = "TestFlight Dev";
		};
		D00000000000000000000004 /* TestFlight Dev */ = {
			isa = XCBuildConfiguration;
			buildSettings = {
				APPLICATION_EXTENSION_API_ONLY = YES;
				CODE_SIGN_ENTITLEMENTS = GroopayWidget/GroopayWidget.entitlements;
				CODE_SIGN_STYLE = Automatic;
				CURRENT_PROJECT_VERSION = 39;
				DEVELOPMENT_LANGUAGE = tr;
				DEVELOPMENT_TEAM = 8XPP7Z37GF;
				GENERATE_INFOPLIST_FILE = NO;
				INFOPLIST_FILE = GroopayWidget/Info.plist;
				IPHONEOS_DEPLOYMENT_TARGET = 17.0;
				LD_RUNPATH_SEARCH_PATHS = (
					"$(inherited)",
					"@executable_path/Frameworks",
					"@executable_path/../../Frameworks",
				);
				MARKETING_VERSION = 1.4.0;
				PRODUCT_BUNDLE_IDENTIFIER = com.groopay.app.widget;
				PRODUCT_NAME = "$(TARGET_NAME)";
				SKIP_INSTALL = YES;
				SUPPORTED_PLATFORMS = "iphoneos iphonesimulator";
				SWIFT_EMIT_LOC_STRINGS = YES;
				SWIFT_STRICT_CONCURRENCY = complete;
				SWIFT_VERSION = 5.0;
				TARGETED_DEVICE_FAMILY = 1;
			};
			name = "TestFlight Dev";
		};
/* End XCBuildConfiguration section */

/* Begin XCConfigurationList section */
		A0000000000000000000000D /* Build configuration list for PBXNativeTarget "Groopay" */ = {
			isa = XCConfigurationList;
			buildConfigurations = (
				A00000000000000000000015 /* Debug */,
				A00000000000000000000016 /* Release */,
				D00000000000000000000002 /* TestFlight Dev */,
			);
			defaultConfigurationIsVisible = 0;
			defaultConfigurationName = Release;
		};
		A00000000000000000000011 /* Build configuration list for PBXProject "Groopay" */ = {
			isa = XCConfigurationList;
			buildConfigurations = (
				A00000000000000000000013 /* Debug */,
				A00000000000000000000014 /* Release */,
				D00000000000000000000001 /* TestFlight Dev */,
			);
			defaultConfigurationIsVisible = 0;
			defaultConfigurationName = Release;
		};
		B00000000000000000000006 /* Build configuration list for PBXNativeTarget "GroopayTests" */ = {
			isa = XCConfigurationList;
			buildConfigurations = (
				B0000000000000000000000A /* Debug */,
				B0000000000000000000000B /* Release */,
				D00000000000000000000003 /* TestFlight Dev */,
			);
			defaultConfigurationIsVisible = 0;
			defaultConfigurationName = Release;
		};
		C0000000000000000000000E /* Build configuration list for PBXNativeTarget "GroopayWidget" */ = {
			isa = XCConfigurationList;
			buildConfigurations = (
				C0000000000000000000000C /* Debug */,
				C0000000000000000000000D /* Release */,
				D00000000000000000000004 /* TestFlight Dev */,
			);
			defaultConfigurationIsVisible = 0;
			defaultConfigurationName = Release;
		};
/* End XCConfigurationList section */

/* Begin XCRemoteSwiftPackageReference section */
		A00000000000000000000012 /* XCRemoteSwiftPackageReference "supabase-swift" */ = {
			isa = XCRemoteSwiftPackageReference;
			repositoryURL = "https://github.com/supabase/supabase-swift.git";
			requirement = {
				kind = upToNextMajorVersion;
				minimumVersion = 2.46.0;
			};
		};
		A00000000000000000000017 /* XCRemoteSwiftPackageReference "purchases-ios" */ = {
			isa = XCRemoteSwiftPackageReference;
			repositoryURL = "https://github.com/RevenueCat/purchases-ios.git";
			requirement = {
				kind = upToNextMajorVersion;
				minimumVersion = 5.16.0;
			};
		};
/* End XCRemoteSwiftPackageReference section */

/* Begin XCSwiftPackageProductDependency section */
		A00000000000000000000002 /* Supabase */ = {
			isa = XCSwiftPackageProductDependency;
			package = A00000000000000000000012 /* XCRemoteSwiftPackageReference "supabase-swift" */;
			productName = Supabase;
		};
		A00000000000000000000018 /* RevenueCat */ = {
			isa = XCSwiftPackageProductDependency;
			package = A00000000000000000000017 /* XCRemoteSwiftPackageReference "purchases-ios" */;
			productName = RevenueCat;
		};
/* End XCSwiftPackageProductDependency section */
	};
	rootObject = A00000000000000000000010 /* Project object */;
}
